// !$*UTF8*$!
{
	archiveVersion = 1;
	classes = {
	};
	objectVersion = 55;
	objects = {

/* Begin PBXBuildFile section */
		B02C14FA27C95A8200C6DF63 /* AppDelegate.swift in Sources */ = {isa = PBXBuildFile; fileRef = B02C14F927C95A8200C6DF63 /* AppDelegate.swift */; };
		B02C14FC27C95A8200C6DF63 /* SceneDelegate.swift in Sources */ = {isa = PBXBuildFile; fileRef = B02C14FB27C95A8200C6DF63 /* SceneDelegate.swift */; };
		B02C14FE27C95A8200C6DF63 /* ViewController.swift in Sources */ = {isa = PBXBuildFile; fileRef = B02C14FD27C95A8200C6DF63 /* ViewController.swift */; };
		B02C150127C95A8200C6DF63 /* Main.storyboard in Resources */ = {isa = PBXBuildFile; fileRef = B02C14FF27C95A8200C6DF63 /* Main.storyboard */; };
		B02C150327C95A8400C6DF63 /* Assets.xcassets in Resources */ = {isa = PBXBuildFile; fileRef = B02C150227C95A8400C6DF63 /* Assets.xcassets */; };
		B02C150627C95A8400C6DF63 /* LaunchScreen.storyboard in Resources */ = {isa = PBXBuildFile; fileRef = B02C150427C95A8400C6DF63 /* LaunchScreen.storyboard */; };
		B02C151127C95A8400C6DF63 /* NestTableViewCollectionViewTests.swift in Sources */ = {isa = PBXBuildFile; fileRef = B02C151027C95A8400C6DF63 /* NestTableViewCollectionViewTests.swift */; };
		B02C151B27C95A8400C6DF63 /* NestTableViewCollectionViewUITests.swift in Sources */ = {isa = PBXBuildFile; fileRef = B02C151A27C95A8400C6DF63 /* NestTableViewCollectionViewUITests.swift */; };
		B02C151D27C95A8400C6DF63 /* NestTableViewCollectionViewUITestsLaunchTests.swift in Sources */ = {isa = PBXBuildFile; fileRef = B02C151C27C95A8400C6DF63 /* NestTableViewCollectionViewUITestsLaunchTests.swift */; };
/* End PBXBuildFile section */

/* Begin PBXContainerItemProxy section */
		B02C150D27C95A8400C6DF63 /* PBXContainerItemProxy */ = {
			isa = PBXContainerItemProxy;
			containerPortal = B02C14EE27C95A8200C6DF63 /* Project object */;
			proxyType = 1;
			remoteGlobalIDString = B02C14F527C95A8200C6DF63;
			remoteInfo = NestTableViewCollectionView;
		};
		B02C151727C95A8400C6DF63 /* PBXContainerItemProxy */ = {
			isa = PBXContainerItemProxy;
			containerPortal = B02C14EE27C95A8200C6DF63 /* Project object */;
			proxyType = 1;
			remoteGlobalIDString = B02C14F527C95A8200C6DF63;
			remoteInfo = NestTableViewCollectionView;
		};
/* End PBXContainerItemProxy section */

/* Begin PBXFileReference section */
		B02C14F627C95A8200C6DF63 /* NestTableViewCollectionView.app */ = {isa = PBXFileReference; explicitFileType = wrapper.application; includeInIndex = 0; path = NestTableViewCollectionView.app; sourceTree = BUILT_PRODUCTS_DIR; };
		B02C14F927C95A8200C6DF63 /* AppDelegate.swift */ = {isa = PBXFileReference; lastKnownFileType = sourcecode.swift; path = AppDelegate.swift; sourceTree = "<group>"; };
		B02C14FB27C95A8200C6DF63 /* SceneDelegate.swift */ = {isa = PBXFileReference; lastKnownFileType = sourcecode.swift; path = SceneDelegate.swift; sourceTree = "<group>"; };
		B02C14FD27C95A8200C6DF63 /* ViewController.swift */ = {isa = PBXFileReference; lastKnownFileType = sourcecode.swift; path = ViewController.swift; sourceTree = "<group>"; };
		B02C150027C95A8200C6DF63 /* Base */ = {isa = PBXFileReference; lastKnownFileType = file.storyboard; name = Base; path = Base.lproj/Main.storyboard; sourceTree = "<group>"; };
		B02C150227C95A8400C6DF63 /* Assets.xcassets */ = {isa = PBXFileReference; lastKnownFileType = folder.assetcatalog; path = Assets.xcassets; sourceTree = "<group>"; };
		B02C150527C95A8400C6DF63 /* Base */ = {isa = PBXFileReference; lastKnownFileType = file.storyboard; name = Base; path = Base.lproj/LaunchScreen.storyboard; sourceTree = "<group>"; };
		B02C150727C95A8400C6DF63 /* Info.plist */ = {isa = PBXFileReference; lastKnownFileType = text.plist.xml; path = Info.plist; sourceTree = "<group>"; };
		B02C150C27C95A8400C6DF63 /* NestTableViewCollectionViewTests.xctest */ = {isa = PBXFileReference; explicitFileType = wrapper.cfbundle; includeInIndex = 0; path = NestTableViewCollectionViewTests.xctest; sourceTree = BUILT_PRODUCTS_DIR; };
		B02C151027C95A8400C6DF63 /* NestTableViewCollectionViewTests.swift */ = {isa = PBXFileReference; lastKnownFileType = sourcecode.swift; path = NestTableViewCollectionViewTests.swift; sourceTree = "<group>"; };
		B02C151627C95A8400C6DF63 /* NestTableViewCollectionViewUITests.xctest */ = {isa = PBXFileReference; explicitFileType = wrapper.cfbundle; includeInIndex = 0; path = NestTableViewCollectionViewUITests.xctest; sourceTree = BUILT_PRODUCTS_DIR; };
		B02C151A27C95A8400C6DF63 /* NestTableViewCollectionViewUITests.swift */ = {isa = PBXFileReference; lastKnownFileType = sourcecode.swift; path = NestTableViewCollectionViewUITests.swift; sourceTree = "<group>"; };
		B02C151C27C95A8400C6DF63 /* NestTableViewCollectionViewUITestsLaunchTests.swift */ = {isa = PBXFileReference; lastKnownFileType = sourcecode.swift; path = NestTableViewCollectionViewUITestsLaunchTests.swift; sourceTree = "<group>"; };
/* End PBXFileReference section */

/* Begin PBXFrameworksBuildPhase section */
		B02C14F327C95A8200C6DF63 /* Frameworks */ = {
			isa = PBXFrameworksBuildPhase;
			buildActionMask = 2147483647;
			files = (
			);
			runOnlyForDeploymentPostprocessing = 0;
		};
		B02C150927C95A8400C6DF63 /* Frameworks */ = {
			isa = PBXFrameworksBuildPhase;
			buildActionMask = 2147483647;
			files = (
			);
			runOnlyForDeploymentPostprocessing = 0;
		};
		B02C151327C95A8400C6DF63 /* Frameworks */ = {
			isa = PBXFrameworksBuildPhase;
			buildActionMask = 2147483647;
			files = (
			);
			runOnlyForDeploymentPostprocessing = 0;
		};
/* End PBXFrameworksBuildPhase section */

/* Begin PBXGroup section */
		B02C14ED27C95A8200C6DF63 = {
			isa = PBXGroup;
			children = (
				B02C14F827C95A8200C6DF63 /* NestTableViewCollectionView */,
				B02C150F27C95A8400C6DF63 /* NestTableViewCollectionViewTests */,
				B02C151927C95A8400C6DF63 /* NestTableViewCollectionViewUITests */,
				B02C14F727C95A8200C6DF63 /* Products */,
			);
			sourceTree = "<group>";
		};
		B02C14F727C95A8200C6DF63 /* Products */ = {
			isa = PBXGroup;
			children = (
				B02C14F627C95A8200C6DF63 /* NestTableViewCollectionView.app */,
				B02C150C27C95A8400C6DF63 /* NestTableViewCollectionViewTests.xctest */,
				B02C151627C95A8400C6DF63 /* NestTableViewCollectionViewUITests.xctest */,
			);
			name = Products;
			sourceTree = "<group>";
		};
		B02C14F827C95A8200C6DF63 /* NestTableViewCollectionView */ = {
			isa = PBXGroup;
			children = (
				B02C14F927C95A8200C6DF63 /* AppDelegate.swift */,
				B02C14FB27C95A8200C6DF63 /* SceneDelegate.swift */,
				B02C14FD27C95A8200C6DF63 /* ViewController.swift */,
				B02C14FF27C95A8200C6DF63 /* Main.storyboard */,
				B02C150227C95A8400C6DF63 /* Assets.xcassets */,
				B02C150427C95A8400C6DF63 /* LaunchScreen.storyboard */,
				B02C150727C95A8400C6DF63 /* Info.plist */,
			);
			path = NestTableViewCollectionView;
			sourceTree = "<group>";
		};
		B02C150F27C95A8400C6DF63 /* NestTableViewCollectionViewTests */ = {
			isa = PBXGroup;
			children = (
				B02C151027C95A8400C6DF63 /* NestTableViewCollectionViewTests.swift */,
			);
			path = NestTableViewCollectionViewTests;
			sourceTree = "<group>";
		};
		B02C151927C95A8400C6DF63 /* NestTableViewCollectionViewUITests */ = {
			isa = PBXGroup;
			children = (
				B02C151A27C95A8400C6DF63 /* NestTableViewCollectionViewUITests.swift */,
				B02C151C27C95A8400C6DF63 /* NestTableViewCollectionViewUITestsLaunchTests.swift */,
			);
			path = NestTableViewCollectionViewUITests;
			sourceTree = "<group>";
		};
/* End PBXGroup section */

/* Begin PBXNativeTarget section */
		B02C14F527C95A8200C6DF63 /* NestTableViewCollectionView */ = {
			isa = PBXNativeTarget;
			buildConfigurationList = B02C152027C95A8400C6DF63 /* Build configuration list for PBXNativeTarget "NestTableViewCollectionView" */;
			buildPhases = (
				B02C14F227C95A8200C6DF63 /* Sources */,
				B02C14F327C95A8200C6DF63 /* Frameworks */,
				B02C14F427C95A8200C6DF63 /* Resources */,
			);
			buildRules = (
			);
			dependencies = (
			);
			name = NestTableViewCollectionView;
			productName = NestTableViewCollectionView;
			productReference = B02C14F627C95A8200C6DF63 /* NestTableViewCollectionView.app */;
			productType = "com.apple.product-type.application";
		};
		B02C150B27C95A8400C6DF63 /* NestTableViewCollectionViewTests */ = {
			isa = PBXNativeTarget;
			buildConfigurationList = B02C152327C95A8400C6DF63 /* Build configuration list for PBXNativeTarget "NestTableViewCollectionViewTests" */;
			buildPhases = (
				B02C150827C95A8400C6DF63 /* Sources */,
				B02C150927C95A8400C6DF63 /* Frameworks */,
				B02C150A27C95A8400C6DF63 /* Resources */,
			);
			buildRules = (
			);
			dependencies = (
				B02C150E27C95A8400C6DF63 /* PBXTargetDependency */,
			);
			name = NestTableViewCollectionViewTests;
			productName = NestTableViewCollectionViewTests;
			productReference = B02C150C27C95A8400C6DF63 /* NestTableViewCollectionViewTests.xctest */;
			productType = "com.apple.product-type.bundle.unit-test";
		};
		B02C151527C95A8400C6DF63 /* NestTableViewCollectionViewUITests */ = {
			isa = PBXNativeTarget;
			buildConfigurationList = B02C152627C95A8400C6DF63 /* Build configuration list for PBXNativeTarget "NestTableViewCollectionViewUITests" */;
			buildPhases = (
				B02C151227C95A8400C6DF63 /* Sources */,
				B02C151327C95A8400C6DF63 /* Frameworks */,
				B02C151427C95A8400C6DF63 /* Resources */,
			);
			buildRules = (
			);
			dependencies = (
				B02C151827C95A8400C6DF63 /* PBXTargetDependency */,
			);
			name = NestTableViewCollectionViewUITests;
			productName = NestTableViewCollectionViewUITests;
			productReference = B02C151627C95A8400C6DF63 /* NestTableViewCollectionViewUITests.xctest */;
			productType = "com.apple.product-type.bundle.ui-testing";
		};
/* End PBXNativeTarget section */

/* Begin PBXProject section */
		B02C14EE27C95A8200C6DF63 /* Project object */ = {
			isa = PBXProject;
			attributes = {
				BuildIndependentTargetsInParallel = 1;
				LastSwiftUpdateCheck = 1320;
				LastUpgradeCheck = 1320;
				TargetAttributes = {
					B02C14F527C95A8200C6DF63 = {
						CreatedOnToolsVersion = 13.2.1;
					};
					B02C150B27C95A8400C6DF63 = {
						CreatedOnToolsVersion = 13.2.1;
						TestTargetID = B02C14F527C95A8200C6DF63;
					};
					B02C151527C95A8400C6DF63 = {
						CreatedOnToolsVersion = 13.2.1;
						TestTargetID = B02C14F527C95A8200C6DF63;
					};
				};
			};
			buildConfigurationList = B02C14F127C95A8200C6DF63 /* Build configuration list for PBXProject "NestTableViewCollectionView" */;
			compatibilityVersion = "Xcode 13.0";
			developmentRegion = en;
			hasScannedForEncodings = 0;
			knownRegions = (
				en,
				Base,
			);
			mainGroup = B02C14ED27C95A8200C6DF63;
			productRefGroup = B02C14F727C95A8200C6DF63 /* Products */;
			projectDirPath = "";
			projectRoot = "";
			targets = (
				B02C14F527C95A8200C6DF63 /* NestTableViewCollectionView */,
				B02C150B27C95A8400C6DF63 /* NestTableViewCollectionViewTests */,
				B02C151527C95A8400C6DF63 /* NestTableViewCollectionViewUITests */,
			);
		};
/* End PBXProject section */

/* Begin PBXResourcesBuildPhase section */
		B02C14F427C95A8200C6DF63 /* Resources */ = {
			isa = PBXResourcesBuildPhase;
			buildActionMask = 2147483647;
			files = (
				B02C150627C95A8400C6DF63 /* LaunchScreen.storyboard in Resources */,
				B02C150327C95A8400C6DF63 /* Assets.xcassets in Resources */,
				B02C150127C95A8200C6DF63 /* Main.storyboard in Resources */,
			);
			runOnlyForDeploymentPostprocessing = 0;
		};
		B02C150A27C95A8400C6DF63 /* Resources */ = {
			isa = PBXResourcesBuildPhase;
			buildActionMask = 2147483647;
			files = (
			);
			runOnlyForDeploymentPostprocessing = 0;
		};
		B02C151427C95A8400C6DF63 /* Resources */ = {
			isa = PBXResourcesBuildPhase;
			buildActionMask = 2147483647;
			files = (
			);
			runOnlyForDeploymentPostprocessing = 0;
		};
/* End PBXResourcesBuildPhase section */

/* Begin PBXSourcesBuildPhase section */
		B02C14F227C95A8200C6DF63 /* Sources */ = {
			isa = PBXSourcesBuildPhase;
			buildActionMask = 2147483647;
			files = (
				B02C14FE27C95A8200C6DF63 /* ViewController.swift in Sources */,
				B02C14FA27C95A8200C6DF63 /* AppDelegate.swift in Sources */,
				B02C14FC27C95A8200C6DF63 /* SceneDelegate.swift in Sources */,
			);
			runOnlyForDeploymentPostprocessing = 0;
		};
		B02C150827C95A8400C6DF63 /* Sources */ = {
			isa = PBXSourcesBuildPhase;
			buildActionMask = 2147483647;
			files = (
				B02C151127C95A8400C6DF63 /* NestTableViewCollectionViewTests.swift in Sources */,
			);
			runOnlyForDeploymentPostprocessing = 0;
		};
		B02C151227C95A8400C6DF63 /* Sources */ = {
			isa = PBXSourcesBuildPhase;
			buildActionMask = 2147483647;
			files = (
				B02C151B27C95A8400C6DF63 /* NestTableViewCollectionViewUITests.swift in Sources */,
				B02C151D27C95A8400C6DF63 /* NestTableViewCollectionViewUITestsLaunchTests.swift in Sources */,
			);
			runOnlyForDeploymentPostprocessing = 0;
		};
/* End PBXSourcesBuildPhase section */

/* Begin PBXTargetDependency section */
		B02C150E27C95A8400C6DF63 /* PBXTargetDependency */ = {
			isa = PBXTargetDependency;
			target = B02C14F527C95A8200C6DF63 /* NestTableViewCollectionView */;
			targetProxy = B02C150D27C95A8400C6DF63 /* PBXContainerItemProxy */;
		};
		B02C151827C95A8400C6DF63 /* PBXTargetDependency */ = {
			isa = PBXTargetDependency;
			target = B02C14F527C95A8200C6DF63 /* NestTableViewCollectionView */;
			targetProxy = B02C151727C95A8400C6DF63 /* PBXContainerItemProxy */;
		};
/* End PBXTargetDependency section */

/* Begin PBXVariantGroup section */
		B02C14FF27C95A8200C6DF63 /* Main.storyboard */ = {
			isa = PBXVariantGroup;
			children = (
				B02C150027C95A8200C6DF63 /* Base */,
			);
			name = Main.storyboard;
			sourceTree = "<group>";
		};
		B02C150427C95A8400C6DF63 /* LaunchScreen.storyboard */ = {
			isa = PBXVariantGroup;
			children = (
				B02C150527C95A8400C6DF63 /* Base */,
			);
			name = LaunchScreen.storyboard;
			sourceTree = "<group>";
		};
/* End PBXVariantGroup section */

/* Begin XCBuildConfiguration section */
		B02C151E27C95A8400C6DF63 /* Debug */ = {
			isa = XCBuildConfiguration;
			buildSettings = {
				ALWAYS_SEARCH_USER_PATHS = NO;
				CLANG_ANALYZER_NONNULL = YES;
				CLANG_ANALYZER_NUMBER_OBJECT_CONVERSION = YES_AGGRESSIVE;
				CLANG_CXX_LANGUAGE_STANDARD = "gnu++17";
				CLANG_CXX_LIBRARY = "libc++";
				CLANG_ENABLE_MODULES = YES;
				CLANG_ENABLE_OBJC_ARC = YES;
				CLANG_ENABLE_OBJC_WEAK = YES;
				CLANG_WARN_BLOCK_CAPTURE_AUTORELEASING = YES;
				CLANG_WARN_BOOL_CONVERSION = YES;
				CLANG_WARN_COMMA = YES;
				CLANG_WARN_CONSTANT_CONVERSION = YES;
				CLANG_WARN_DEPRECATED_OBJC_IMPLEMENTATIONS = YES;
				CLANG_WARN_DIRECT_OBJC_ISA_USAGE = YES_ERROR;
				CLANG_WARN_DOCUMENTATION_COMMENTS = YES;
				CLANG_WARN_EMPTY_BODY = YES;
				CLANG_WARN_ENUM_CONVERSION = YES;
				CLANG_WARN_INFINITE_RECURSION = YES;
				CLANG_WARN_INT_CONVERSION = YES;
				CLANG_WARN_NON_LITERAL_NULL_CONVERSION = YES;
				CLANG_WARN_OBJC_IMPLICIT_RETAIN_SELF = YES;
				CLANG_WARN_OBJC_LITERAL_CONVERSION = YES;
				CLANG_WARN_OBJC_ROOT_CLASS = YES_ERROR;
				CLANG_WARN_QUOTED_INCLUDE_IN_FRAMEWORK_HEADER = YES;
				CLANG_WARN_RANGE_LOOP_ANALYSIS = YES;
				CLANG_WARN_STRICT_PROTOTYPES = YES;
				CLANG_WARN_SUSPICIOUS_MOVE = YES;
				CLANG_WARN_UNGUARDED_AVAILABILITY = YES_AGGRESSIVE;
				CLANG_WARN_UNREACHABLE_CODE = YES;
				CLANG_WARN__DUPLICATE_METHOD_MATCH = YES;
				COPY_PHASE_STRIP = NO;
				DEBUG_INFORMATION_FORMAT = dwarf;
				ENABLE_STRICT_OBJC_MSGSEND = YES;
				ENABLE_TESTABILITY = YES;
				GCC_C_LANGUAGE_STANDARD = gnu11;
				GCC_DYNAMIC_NO_PIC = NO;
				GCC_NO_COMMON_BLOCKS = YES;
				GCC_OPTIMIZATION_LEVEL = 0;
				GCC_PREPROCESSOR_DEFINITIONS = (
					"DEBUG=1",
					"$(inherited)",
				);
				GCC_WARN_64_TO_32_BIT_CONVERSION = YES;
				GCC_WARN_ABOUT_RETURN_TYPE = YES_ERROR;
				GCC_WARN_UNDECLARED_SELECTOR = YES;
				GCC_WARN_UNINITIALIZED_AUTOS = YES_AGGRESSIVE;
				GCC_WARN_UNUSED_FUNCTION = YES;
				GCC_WARN_UNUSED_VARIABLE = YES;
				IPHONEOS_DEPLOYMENT_TARGET = 15.2;
				MTL_ENABLE_DEBUG_INFO = INCLUDE_SOURCE;
				MTL_FAST_MATH = YES;
				ONLY_ACTIVE_ARCH = YES;
				SDKROOT = iphoneos;
				SWIFT_ACTIVE_COMPILATION_CONDITIONS = DEBUG;
				SWIFT_OPTIMIZATION_LEVEL = "-Onone";
			};
			name = Debug;
		};
		B02C151F27C95A8400C6DF63 /* Release */ = {
			isa = XCBuildConfiguration;
			buildSettings = {
				ALWAYS_SEARCH_USER_PATHS = NO;
				CLANG_ANALYZER_NONNULL = YES;
				CLANG_ANALYZER_NUMBER_OBJECT_CONVERSION = YES_AGGRESSIVE;
				CLANG_CXX_LANGUAGE_STANDARD = "gnu++17";
				CLANG_CXX_LIBRARY = "libc++";
				CLANG_ENABLE_MODULES = YES;
				CLANG_ENABLE_OBJC_ARC = YES;
				CLANG_ENABLE_OBJC_WEAK = YES;
				CLANG_WARN_BLOCK_CAPTURE_AUTORELEASING = YES;
				CLANG_WARN_BOOL_CONVERSION = YES;
				CLANG_WARN_COMMA = YES;
				CLANG_WARN_CONSTANT_CONVERSION = YES;
				CLANG_WARN_DEPRECATED_OBJC_IMPLEMENTATIONS = YES;
				CLANG_WARN_DIRECT_OBJC_ISA_USAGE = YES_ERROR;
				CLANG_WARN_DOCUMENTATION_COMMENTS = YES;
				CLANG_WARN_EMPTY_BODY = YES;
				CLANG_WARN_ENUM_CONVERSION = YES;
				CLANG_WARN_INFINITE_RECURSION = YES;
				CLANG_WARN_INT_CONVERSION = YES;
				CLANG_WARN_NON_LITERAL_NULL_CONVERSION = YES;
				CLANG_WARN_OBJC_IMPLICIT_RETAIN_SELF = YES;
				CLANG_WARN_OBJC_LITERAL_CONVERSION = YES;
				CLANG_WARN_OBJC_ROOT_CLASS = YES_ERROR;
				CLANG_WARN_QUOTED_INCLUDE_IN_FRAMEWORK_HEADER = YES;
				CLANG_WARN_RANGE_LOOP_ANALYSIS = YES;
				CLANG_WARN_STRICT_PROTOTYPES = YES;
				CLANG_WARN_SUSPICIOUS_MOVE = YES;
				CLANG_WARN_UNGUARDED_AVAILABILITY = YES_AGGRESSIVE;
				CLANG_WARN_UNREACHABLE_CODE = YES;
				CLANG_WARN__DUPLICATE_METHOD_MATCH = YES;
				COPY_PHASE_STRIP = NO;
				DEBUG_INFORMATION_FORMAT = "dwarf-with-dsym";
				ENABLE_NS_ASSERTIONS = NO;
				ENABLE_STRICT_OBJC_MSGSEND = YES;
				GCC_C_LANGUAGE_STANDARD = gnu11;
				GCC_NO_COMMON_BLOCKS = YES;
				GCC_WARN_64_TO_32_BIT_CONVERSION = YES;
				GCC_WARN_ABOUT_RETURN_TYPE = YES_ERROR;
				GCC_WARN_UNDECLARED_SELECTOR = YES;
				GCC_WARN_UNINITIALIZED_AUTOS = YES_AGGRESSIVE;
				GCC_WARN_UNUSED_FUNCTION = YES;
				GCC_WARN_UNUSED_VARIABLE = YES;
				IPHONEOS_DEPLOYMENT_TARGET = 15.2;
				MTL_ENABLE_DEBUG_INFO = NO;
				MTL_FAST_MATH = YES;
				SDKROOT = iphoneos;
				SWIFT_COMPILATION_MODE = wholemodule;
				SWIFT_OPTIMIZATION_LEVEL = "-O";
				VALIDATE_PRODUCT = YES;
			};
			name = Release;
		};
		B02C152127C95A8400C6DF63 /* Debug */ = {
			isa = XCBuildConfiguration;
			buildSettings = {
				ASSETCATALOG_COMPILER_APPICON_NAME = AppIcon;
				ASSETCATALOG_COMPILER_GLOBAL_ACCENT_COLOR_NAME = AccentColor;
				CODE_SIGN_STYLE = Automatic;
				CURRENT_PROJECT_VERSION = 1;
				DEVELOPMENT_TEAM = 4TP5XU9V42;
				GENERATE_INFOPLIST_FILE = YES;
				INFOPLIST_FILE = NestTableViewCollectionView/Info.plist;
				INFOPLIST_KEY_UIApplicationSupportsIndirectInputEvents = YES;
				INFOPLIST_KEY_UILaunchStoryboardName = LaunchScreen;
				INFOPLIST_KEY_UIMainStoryboardFile = Main;
				INFOPLIST_KEY_UISupportedInterfaceOrientations_iPad = "UIInterfaceOrientationPortrait UIInterfaceOrientationPortraitUpsideDown UIInterfaceOrientationLandscapeLeft UIInterfaceOrientationLandscapeRight";
				INFOPLIST_KEY_UISupportedInterfaceOrientations_iPhone = "UIInterfaceOrientationPortrait UIInterfaceOrientationLandscapeLeft UIInterfaceOrientationLandscapeRight";
				LD_RUNPATH_SEARCH_PATHS = (
					"$(inherited)",
					"@executable_path/Frameworks",
				);
				MARKETING_VERSION = 1.0;
				PRODUCT_BUNDLE_IDENTIFIER = com.almobion.NestTableViewCollectionView;
				PRODUCT_NAME = "$(TARGET_NAME)";
				SWIFT_EMIT_LOC_STRINGS = YES;
				SWIFT_VERSION = 5.0;
				TARGETED_DEVICE_FAMILY = "1,2";
			};
			name = Debug;
		};
		B02C152227C95A8400C6DF63 /* Release */ = {
			isa = XCBuildConfiguration;
			buildSettings = {
				ASSETCATALOG_COMPILER_APPICON_NAME = AppIcon;
				ASSETCATALOG_COMPILER_GLOBAL_ACCENT_COLOR_NAME = AccentColor;
				CODE_SIGN_STYLE = Automatic;
				CURRENT_PROJECT_VERSION = 1;
				DEVELOPMENT_TEAM = 4TP5XU9V42;
				GENERATE_INFOPLIST_FILE = YES;
				INFOPLIST_FILE = NestTableViewCollectionView/Info.plist;
				INFOPLIST_KEY_UIApplicationSupportsIndirectInputEvents = YES;
				INFOPLIST_KEY_UILaunchStoryboardName = LaunchScreen;
				INFOPLIST_KEY_UIMainStoryboardFile = Main;
				INFOPLIST_KEY_UISupportedInterfaceOrientations_iPad = "UIInterfaceOrientationPortrait UIInterfaceOrientationPortraitUpsideDown UIInterfaceOrientationLandscapeLeft UIInterfaceOrientationLandscapeRight";
				INFOPLIST_KEY_UISupportedInterfaceOrientations_iPhone = "UIInterfaceOrientationPortrait UIInterfaceOrientationLandscapeLeft UIInterfaceOrientationLandscapeRight";
				LD_RUNPATH_SEARCH_PATHS = (
					"$(inherited)",
					"@executable_path/Frameworks",
				);
				MARKETING_VERSION = 1.0;
				PRODUCT_BUNDLE_IDENTIFIER = com.almobion.NestTableViewCollectionView;
				PRODUCT_NAME = "$(TARGET_NAME)";
				SWIFT_EMIT_LOC_STRINGS = YES;
				SWIFT_VERSION = 5.0;
				TARGETED_DEVICE_FAMILY = "1,2";
			};
			name = Release;
		};
		B02C152427C95A8400C6DF63 /* Debug */ = {
			isa = XCBuildConfiguration;
			buildSettings = {
				ALWAYS_EMBED_SWIFT_STANDARD_LIBRARIES = YES;
				BUNDLE_LOADER = "$(TEST_HOST)";
				CODE_SIGN_STYLE = Automatic;
				CURRENT_PROJECT_VERSION = 1;
				DEVELOPMENT_TEAM = 4TP5XU9V42;
				GENERATE_INFOPLIST_FILE = YES;
				IPHONEOS_DEPLOYMENT_TARGET = 15.2;
				MARKETING_VERSION = 1.0;
				PRODUCT_BUNDLE_IDENTIFIER = com.almobion.NestTableViewCollectionViewTests;
				PRODUCT_NAME = "$(TARGET_NAME)";
				SWIFT_EMIT_LOC_STRINGS = NO;
				SWIFT_VERSION = 5.0;
				TARGETED_DEVICE_FAMILY = "1,2";
				TEST_HOST = "$(BUILT_PRODUCTS_DIR)/NestTableViewCollectionView.app/NestTableViewCollectionView";
			};
			name = Debug;
		};
		B02C152527C95A8400C6DF63 /* Release */ = {
			isa = XCBuildConfiguration;
			buildSettings = {
				ALWAYS_EMBED_SWIFT_STANDARD_LIBRARIES = YES;
				BUNDLE_LOADER = "$(TEST_HOST)";
				CODE_SIGN_STYLE = Automatic;
				CURRENT_PROJECT_VERSION = 1;
				DEVELOPMENT_TEAM = 4TP5XU9V42;
				GENERATE_INFOPLIST_FILE = YES;
				IPHONEOS_DEPLOYMENT_TARGET = 15.2;
				MARKETING_VERSION = 1.0;
				PRODUCT_BUNDLE_IDENTIFIER = com.almobion.NestTableViewCollectionViewTests;
				PRODUCT_NAME = "$(TARGET_NAME)";
				SWIFT_EMIT_LOC_STRINGS = NO;
				SWIFT_VERSION = 5.0;
				TARGETED_DEVICE_FAMILY = "1,2";
				TEST_HOST = "$(BUILT_PRODUCTS_DIR)/NestTableViewCollectionView.app/NestTableViewCollectionView";
			};
			name = Release;
		};
		B02C152727C95A8400C6DF63 /* Debug */ = {
			isa = XCBuildConfiguration;
			buildSettings = {
				ALWAYS_EMBED_SWIFT_STANDARD_LIBRARIES = YES;
				CODE_SIGN_STYLE = Automatic;
				CURRENT_PROJECT_VERSION = 1;
				DEVELOPMENT_TEAM = 4TP5XU9V42;
				GENERATE_INFOPLIST_FILE = YES;
				MARKETING_VERSION = 1.0;
				PRODUCT_BUNDLE_IDENTIFIER = com.almobion.NestTableViewCollectionViewUITests;
				PRODUCT_NAME = "$(TARGET_NAME)";
				SWIFT_EMIT_LOC_STRINGS = NO;
				SWIFT_VERSION = 5.0;
				TARGETED_DEVICE_FAMILY = "1,2";
				TEST_TARGET_NAME = NestTableViewCollectionView;
			};
			name = Debug;
		};
		B02C152827C95A8400C6DF63 /* Release */ = {
			isa = XCBuildConfiguration;
			buildSettings = {
				ALWAYS_EMBED_SWIFT_STANDARD_LIBRARIES = YES;
				CODE_SIGN_STYLE = Automatic;
				CURRENT_PROJECT_VERSION = 1;
				DEVELOPMENT_TEAM = 4TP5XU9V42;
				GENERATE_INFOPLIST_FILE = YES;
				MARKETING_VERSION = 1.0;
				PRODUCT_BUNDLE_IDENTIFIER = com.almobion.NestTableViewCollectionViewUITests;
				PRODUCT_NAME = "$(TARGET_NAME)";
				SWIFT_EMIT_LOC_STRINGS = NO;
				SWIFT_VERSION = 5.0;
				TARGETED_DEVICE_FAMILY = "1,2";
				TEST_TARGET_NAME = NestTableViewCollectionView;
			};
			name = Release;
		};
/* End XCBuildConfiguration section */

/* Begin XCConfigurationList section */
		B02C14F127C95A8200C6DF63 /* Build configuration list for PBXProject "NestTableViewCollectionView" */ = {
			isa = XCConfigurationList;
			buildConfigurations = (
				B02C151E27C95A8400C6DF63 /* Debug */,
				B02C151F27C95A8400C6DF63 /* Release */,
			);
			defaultConfigurationIsVisible = 0;
			defaultConfigurationName = Release;
		};
		B02C152027C95A8400C6DF63 /* Build configuration list for PBXNativeTarget "NestTableViewCollectionView" */ = {
			isa = XCConfigurationList;
			buildConfigurations = (
				B02C152127C95A8400C6DF63 /* Debug */,
				B02C152227C95A8400C6DF63 /* Release */,
			);
			defaultConfigurationIsVisible = 0;
			defaultConfigurationName = Release;
		};
		B02C152327C95A8400C6DF63 /* Build configuration list for PBXNativeTarget "NestTableViewCollectionViewTests" */ = {
			isa = XCConfigurationList;
			buildConfigurations = (
				B02C152427C95A8400C6DF63 /* Debug */,
				B02C152527C95A8400C6DF63 /* Release */,
			);
			defaultConfigurationIsVisible = 0;
			defaultConfigurationName = Release;
		};
		B02C152627C95A8400C6DF63 /* Build configuration list for PBXNativeTarget "NestTableViewCollectionViewUITests" */ = {
			isa = XCConfigurationList;
			buildConfigurations = (
				B02C152727C95A8400C6DF63 /* Debug */,
				B02C152827C95A8400C6DF63 /* Release */,
			);
			defaultConfigurationIsVisible = 0;
			defaultConfigurationName = Release;
		};
/* End XCConfigurationList section */
	};
	rootObject = B02C14EE27C95A8200C6DF63 /* Project object */;
}
